// !$*UTF8*$!
{
	archiveVersion = 1;
	classes = {
	};
	objectVersion = 77;
	objects = {

/* Begin PBXBuildFile section */
		2679929F2CD82A1300DF3D21 /* Preview Assets.xcassets in Resources */ = {isa = PBXBuildFile; fileRef = 267992992CD82A1300DF3D21 /* Preview Assets.xcassets */; };
		267992A02CD82A1300DF3D21 /* Assets.xcassets in Resources */ = {isa = PBXBuildFile; fileRef = 2679929B2CD82A1300DF3D21 /* Assets.xcassets */; };
		267992A12CD82A1300DF3D21 /* MainView.swift in Sources */ = {isa = PBXBuildFile; fileRef = 2679929C2CD82A1300DF3D21 /* MainView.swift */; };
		267992A22CD82A1300DF3D21 /* RandomJokeApp_SwiftUIApp.swift in Sources */ = {isa = PBXBuildFile; fileRef = 2679929D2CD82A1300DF3D21 /* RandomJokeApp_SwiftUIApp.swift */; };
		267992A82CD82A6C00DF3D21 /* Joke.swift in Sources */ = {isa = PBXBuildFile; fileRef = 267992A72CD82A6C00DF3D21 /* Joke.swift */; };
		267992AA2CD82C9600DF3D21 /* Webservice.swift in Sources */ = {isa = PBXBuildFile; fileRef = 267992A92CD82C9600DF3D21 /* Webservice.swift */; };
		267992AC2CD82F6300DF3D21 /* JokeViewModel.swift in Sources */ = {isa = PBXBuildFile; fileRef = 267992AB2CD82F6300DF3D21 /* JokeViewModel.swift */; };
/* End PBXBuildFile section */

/* Begin PBXFileReference section */
		267992882CD82A0900DF3D21 /* RandomJokeApp_SwiftUI.app */ = {isa = PBXFileReference; explicitFileType = wrapper.application; includeInIndex = 0; path = RandomJokeApp_SwiftUI.app; sourceTree = BUILT_PRODUCTS_DIR; };
		267992992CD82A1300DF3D21 /* Preview Assets.xcassets */ = {isa = PBXFileReference; lastKnownFileType = folder.assetcatalog; path = "Preview Assets.xcassets"; sourceTree = "<group>"; };
		2679929B2CD82A1300DF3D21 /* Assets.xcassets */ = {isa = PBXFileReference; lastKnownFileType = folder.assetcatalog; path = Assets.xcassets; sourceTree = "<group>"; };
		2679929C2CD82A1300DF3D21 /* MainView.swift */ = {isa = PBXFileReference; lastKnownFileType = sourcecode.swift; path = MainView.swift; sourceTree = "<group>"; };
		2679929D2CD82A1300DF3D21 /* RandomJokeApp_SwiftUIApp.swift */ = {isa = PBXFileReference; lastKnownFileType = sourcecode.swift; path = RandomJokeApp_SwiftUIApp.swift; sourceTree = "<group>"; };
		267992A72CD82A6C00DF3D21 /* Joke.swift */ = {isa = PBXFileReference; lastKnownFileType = sourcecode.swift; path = Joke.swift; sourceTree = "<group>"; };
		267992A92CD82C9600DF3D21 /* Webservice.swift */ = {isa = PBXFileReference; lastKnownFileType = sourcecode.swift; path = Webservice.swift; sourceTree = "<group>"; };
		267992AB2CD82F6300DF3D21 /* JokeViewModel.swift */ = {isa = PBXFileReference; lastKnownFileType = sourcecode.swift; path = JokeViewModel.swift; sourceTree = "<group>"; };
/* End PBXFileReference section */

/* Begin PBXFrameworksBuildPhase section */
		267992852CD82A0900DF3D21 /* Frameworks */ = {
			isa = PBXFrameworksBuildPhase;
			buildActionMask = 2147483647;
			files = (
			);
			runOnlyForDeploymentPostprocessing = 0;
		};
/* End PBXFrameworksBuildPhase section */

/* Begin PBXGroup section */
		2679927F2CD82A0900DF3D21 = {
			isa = PBXGroup;
			children = (
				2679929E2CD82A1300DF3D21 /* RandomJokeApp_SwiftUI */,
				267992892CD82A0900DF3D21 /* Products */,
			);
			sourceTree = "<group>";
		};
		267992892CD82A0900DF3D21 /* Products */ = {
			isa = PBXGroup;
			children = (
				267992882CD82A0900DF3D21 /* RandomJokeApp_SwiftUI.app */,
			);
			name = Products;
			sourceTree = "<group>";
		};
		2679929A2CD82A1300DF3D21 /* Preview Content */ = {
			isa = PBXGroup;
			children = (
				267992992CD82A1300DF3D21 /* Preview Assets.xcassets */,
			);
			path = "Preview Content";
			sourceTree = "<group>";
		};
		2679929E2CD82A1300DF3D21 /* RandomJokeApp_SwiftUI */ = {
			isa = PBXGroup;
			children = (
				267992A62CD82A3300DF3D21 /* Model */,
				267992A52CD82A2900DF3D21 /* Service */,
				267992A42CD82A1C00DF3D21 /* ViewModel */,
				267992A32CD82A1600DF3D21 /* View */,
				2679929A2CD82A1300DF3D21 /* Preview Content */,
				2679929B2CD82A1300DF3D21 /* Assets.xcassets */,
				2679929D2CD82A1300DF3D21 /* RandomJokeApp_SwiftUIApp.swift */,
			);
			path = RandomJokeApp_SwiftUI;
			sourceTree = "<group>";
		};
		267992A32CD82A1600DF3D21 /* View */ = {
			isa = PBXGroup;
			children = (
				2679929C2CD82A1300DF3D21 /* MainView.swift */,
			);
			path = View;
			sourceTree = "<group>";
		};
		267992A42CD82A1C00DF3D21 /* ViewModel */ = {
			isa = PBXGroup;
			children = (
				267992AB2CD82F6300DF3D21 /* JokeViewModel.swift */,
			);
			path = ViewModel;
			sourceTree = "<group>";
		};
		267992A52CD82A2900DF3D21 /* Service */ = {
			isa = PBXGroup;
			children = (
				267992A92CD82C9600DF3D21 /* Webservice.swift */,
			);
			path = Service;
			sourceTree = "<group>";
		};
		267992A62CD82A3300DF3D21 /* Model */ = {
			isa = PBXGroup;
			children = (
				267992A72CD82A6C00DF3D21 /* Joke.swift */,
			);
			path = Model;
			sourceTree = "<group>";
		};
/* End PBXGroup section */

/* Begin PBXNativeTarget section */
		267992872CD82A0900DF3D21 /* RandomJokeApp_SwiftUI */ = {
			isa = PBXNativeTarget;
			buildConfigurationList = 267992962CD82A0A00DF3D21 /* Build configuration list for PBXNativeTarget "RandomJokeApp_SwiftUI" */;
			buildPhases = (
				267992842CD82A0900DF3D21 /* Sources */,
				267992852CD82A0900DF3D21 /* Frameworks */,
				267992862CD82A0900DF3D21 /* Resources */,
			);
			buildRules = (
			);
			dependencies = (
			);
			name = RandomJokeApp_SwiftUI;
			packageProductDependencies = (
			);
			productName = RandomJokeApp_SwiftUI;
			productReference = 267992882CD82A0900DF3D21 /* RandomJokeApp_SwiftUI.app */;
			productType = "com.apple.product-type.application";
		};
/* End PBXNativeTarget section */

/* Begin PBXProject section */
		267992802CD82A0900DF3D21 /* Project object */ = {
			isa = PBXProject;
			attributes = {
				BuildIndependentTargetsInParallel = 1;
				LastSwiftUpdateCheck = 1600;
				LastUpgradeCheck = 1600;
				TargetAttributes = {
					267992872CD82A0900DF3D21 = {
						CreatedOnToolsVersion = 16.0;
					};
				};
			};
			buildConfigurationList = 267992832CD82A0900DF3D21 /* Build configuration list for PBXProject "RandomJokeApp_SwiftUI" */;
			developmentRegion = en;
			hasScannedForEncodings = 0;
			knownRegions = (
				en,
				Base,
			);
			mainGroup = 2679927F2CD82A0900DF3D21;
			minimizedProjectReferenceProxies = 1;
			preferredProjectObjectVersion = 77;
			productRefGroup = 267992892CD82A0900DF3D21 /* Products */;
			projectDirPath = "";
			projectRoot = "";
			targets = (
				267992872CD82A0900DF3D21 /* RandomJokeApp_SwiftUI */,
			);
		};
/* End PBXProject section */

/* Begin PBXResourcesBuildPhase section */
		267992862CD82A0900DF3D21 /* Resources */ = {
			isa = PBXResourcesBuildPhase;
			buildActionMask = 2147483647;
			files = (
				2679929F2CD82A1300DF3D21 /* Preview Assets.xcassets in Resources */,
				267992A02CD82A1300DF3D21 /* Assets.xcassets in Resources */,
			);
			runOnlyForDeploymentPostprocessing = 0;
		};
/* End PBXResourcesBuildPhase section */

/* Begin PBXSourcesBuildPhase section */
		267992842CD82A0900DF3D21 /* Sources */ = {
			isa = PBXSourcesBuildPhase;
			buildActionMask = 2147483647;
			files = (
				267992AC2CD82F6300DF3D21 /* JokeViewModel.swift in Sources */,
				267992A12CD82A1300DF3D21 /* MainView.swift in Sources */,
				267992A22CD82A1300DF3D21 /* RandomJokeApp_SwiftUIApp.swift in Sources */,
				267992AA2CD82C9600DF3D21 /* Webservice.swift in Sources */,
				267992A82CD82A6C00DF3D21 /* Joke.swift in Sources */,
			);
			runOnlyForDeploymentPostprocessing = 0;
		};
/* End PBXSourcesBuildPhase section */

/* Begin XCBuildConfiguration section */
		267992942CD82A0A00DF3D21 /* Debug */ = {
			isa = XCBuildConfiguration;
			buildSettings = {
				ALWAYS_SEARCH_USER_PATHS = NO;
				ASSETCATALOG_COMPILER_GENERATE_SWIFT_ASSET_SYMBOL_EXTENSIONS = YES;
				CLANG_ANALYZER_NONNULL = YES;
				CLANG_ANALYZER_NUMBER_OBJECT_CONVERSION = YES_AGGRESSIVE;
				CLANG_CXX_LANGUAGE_STANDARD = "gnu++20";
				CLANG_ENABLE_MODULES = YES;
				CLANG_ENABLE_OBJC_ARC = YES;
				CLANG_ENABLE_OBJC_WEAK = YES;
				CLANG_WARN_BLOCK_CAPTURE_AUTORELEASING = YES;
				CLANG_WARN_BOOL_CONVERSION = YES;
				CLANG_WARN_COMMA = YES;
				CLANG_WARN_CONSTANT_CONVERSION = YES;
				CLANG_WARN_DEPRECATED_OBJC_IMPLEMENTATIONS = YES;
				CLANG_WARN_DIRECT_OBJC_ISA_USAGE = YES_ERROR;
				CLANG_WARN_DOCUMENTATION_COMMENTS = YES;
				CLANG_WARN_EMPTY_BODY = YES;
				CLANG_WARN_ENUM_CONVERSION = YES;
				CLANG_WARN_INFINITE_RECURSION = YES;
				CLANG_WARN_INT_CONVERSION = YES;
				CLANG_WARN_NON_LITERAL_NULL_CONVERSION = YES;
				CLANG_WARN_OBJC_IMPLICIT_RETAIN_SELF = YES;
				CLANG_WARN_OBJC_LITERAL_CONVERSION = YES;
				CLANG_WARN_OBJC_ROOT_CLASS = YES_ERROR;
				CLANG_WARN_QUOTED_INCLUDE_IN_FRAMEWORK_HEADER = YES;
				CLANG_WARN_RANGE_LOOP_ANALYSIS = YES;
				CLANG_WARN_STRICT_PROTOTYPES = YES;
				CLANG_WARN_SUSPICIOUS_MOVE = YES;
				CLANG_WARN_UNGUARDED_AVAILABILITY = YES_AGGRESSIVE;
				CLANG_WARN_UNREACHABLE_CODE = YES;
				CLANG_WARN__DUPLICATE_METHOD_MATCH = YES;
				COPY_PHASE_STRIP = NO;
				DEBUG_INFORMATION_FORMAT = dwarf;
				ENABLE_STRICT_OBJC_MSGSEND = YES;
				ENABLE_TESTABILITY = YES;
				ENABLE_USER_SCRIPT_SANDBOXING = YES;
				GCC_C_LANGUAGE_STANDARD = gnu17;
				GCC_DYNAMIC_NO_PIC = NO;
				GCC_NO_COMMON_BLOCKS = YES;
				GCC_OPTIMIZATION_LEVEL = 0;
				GCC_PREPROCESSOR_DEFINITIONS = (
					"DEBUG=1",
					"$(inherited)",
				);
				GCC_WARN_64_TO_32_BIT_CONVERSION = YES;
				GCC_WARN_ABOUT_RETURN_TYPE = YES_ERROR;
				GCC_WARN_UNDECLARED_SELECTOR = YES;
				GCC_WARN_UNINITIALIZED_AUTOS = YES_AGGRESSIVE;
				GCC_WARN_UNUSED_FUNCTION = YES;
				GCC_WARN_UNUSED_VARIABLE = YES;
				IPHONEOS_DEPLOYMENT_TARGET = 18.0;
				LOCALIZATION_PREFERS_STRING_CATALOGS = YES;
				MTL_ENABLE_DEBUG_INFO = INCLUDE_SOURCE;
				MTL_FAST_MATH = YES;
				ONLY_ACTIVE_ARCH = YES;
				SDKROOT = iphoneos;
				SWIFT_ACTIVE_COMPILATION_CONDITIONS = "DEBUG $(inherited)";
				SWIFT_OPTIMIZATION_LEVEL = "-Onone";
			};
			name = Debug;
		};
		267992952CD82A0A00DF3D21 /* Release */ = {
			isa = XCBuildConfiguration;
			buildSettings = {
				ALWAYS_SEARCH_USER_PATHS = NO;
				ASSETCATALOG_COMPILER_GENERATE_SWIFT_ASSET_SYMBOL_EXTENSIONS = YES;
				CLANG_ANALYZER_NONNULL = YES;
				CLANG_ANALYZER_NUMBER_OBJECT_CONVERSION = YES_AGGRESSIVE;
				CLANG_CXX_LANGUAGE_STANDARD = "gnu++20";
				CLANG_ENABLE_MODULES = YES;
				CLANG_ENABLE_OBJC_ARC = YES;
				CLANG_ENABLE_OBJC_WEAK = YES;
				CLANG_WARN_BLOCK_CAPTURE_AUTORELEASING = YES;
				CLANG_WARN_BOOL_CONVERSION = YES;
				CLANG_WARN_COMMA = YES;
				CLANG_WARN_CONSTANT_CONVERSION = YES;
				CLANG_WARN_DEPRECATED_OBJC_IMPLEMENTATIONS = YES;
				CLANG_WARN_DIRECT_OBJC_ISA_USAGE = YES_ERROR;
				CLANG_WARN_DOCUMENTATION_COMMENTS = YES;
				CLANG_WARN_EMPTY_BODY = YES;
				CLANG_WARN_ENUM_CONVERSION = YES;
				CLANG_WARN_INFINITE_RECURSION = YES;
				CLANG_WARN_INT_CONVERSION = YES;
				CLANG_WARN_NON_LITERAL_NULL_CONVERSION = YES;
				CLANG_WARN_OBJC_IMPLICIT_RETAIN_SELF = YES;
				CLANG_WARN_OBJC_LITERAL_CONVERSION = YES;
				CLANG_WARN_OBJC_ROOT_CLASS = YES_ERROR;
				CLANG_WARN_QUOTED_INCLUDE_IN_FRAMEWORK_HEADER = YES;
				CLANG_WARN_RANGE_LOOP_ANALYSIS = YES;
				CLANG_WARN_STRICT_PROTOTYPES = YES;
				CLANG_WARN_SUSPICIOUS_MOVE = YES;
				CLANG_WARN_UNGUARDED_AVAILABILITY = YES_AGGRESSIVE;
				CLANG_WARN_UNREACHABLE_CODE = YES;
				CLANG_WARN__DUPLICATE_METHOD_MATCH = YES;
				COPY_PHASE_STRIP = NO;
				DEBUG_INFORMATION_FORMAT = "dwarf-with-dsym";
				ENABLE_NS_ASSERTIONS = NO;
				ENABLE_STRICT_OBJC_MSGSEND = YES;
				ENABLE_USER_SCRIPT_SANDBOXING = YES;
				GCC_C_LANGUAGE_STANDARD = gnu17;
				GCC_NO_COMMON_BLOCKS = YES;
				GCC_WARN_64_TO_32_BIT_CONVERSION = YES;
				GCC_WARN_ABOUT_RETURN_TYPE = YES_ERROR;
				GCC_WARN_UNDECLARED_SELECTOR = YES;
				GCC_WARN_UNINITIALIZED_AUTOS = YES_AGGRESSIVE;
				GCC_WARN_UNUSED_FUNCTION = YES;
				GCC_WARN_UNUSED_VARIABLE = YES;
				IPHONEOS_DEPLOYMENT_TARGET = 18.0;
				LOCALIZATION_PREFERS_STRING_CATALOGS = YES;
				MTL_ENABLE_DEBUG_INFO = NO;
				MTL_FAST_MATH = YES;
				SDKROOT = iphoneos;
				SWIFT_COMPILATION_MODE = wholemodule;
				VALIDATE_PRODUCT = YES;
			};
			name = Release;
		};
		267992972CD82A0A00DF3D21 /* Debug */ = {
			isa = XCBuildConfiguration;
			buildSettings = {
				ASSETCATALOG_COMPILER_APPICON_NAME = AppIcon;
				ASSETCATALOG_COMPILER_GLOBAL_ACCENT_COLOR_NAME = AccentColor;
				CODE_SIGN_STYLE = Automatic;
				CURRENT_PROJECT_VERSION = 1;
				DEVELOPMENT_ASSET_PATHS = "\"RandomJokeApp_SwiftUI/Preview Content\"";
				DEVELOPMENT_TEAM = 5SALT5UTL2;
				ENABLE_PREVIEWS = YES;
				GENERATE_INFOPLIST_FILE = YES;
				INFOPLIST_KEY_UIApplicationSceneManifest_Generation = YES;
				INFOPLIST_KEY_UIApplicationSupportsIndirectInputEvents = YES;
				INFOPLIST_KEY_UILaunchScreen_Generation = YES;
				INFOPLIST_KEY_UISupportedInterfaceOrientations_iPad = "UIInterfaceOrientationPortrait UIInterfaceOrientationPortraitUpsideDown UIInterfaceOrientationLandscapeLeft UIInterfaceOrientationLandscapeRight";
				INFOPLIST_KEY_UISupportedInterfaceOrientations_iPhone = "UIInterfaceOrientationPortrait UIInterfaceOrientationLandscapeLeft UIInterfaceOrientationLandscapeRight";
				LD_RUNPATH_SEARCH_PATHS = (
					"$(inherited)",
					"@executable_path/Frameworks",
				);
				MARKETING_VERSION = 1.0;
				PRODUCT_BUNDLE_IDENTIFIER = "com.erenelci.RandomJokeApp-SwiftUI";
				PRODUCT_NAME = "$(TARGET_NAME)";
				SWIFT_EMIT_LOC_STRINGS = YES;
				SWIFT_VERSION = 5.0;
				TARGETED_DEVICE_FAMILY = "1,2";
			};
			name = Debug;
		};
		267992982CD82A0A00DF3D21 /* Release */ = {
			isa = XCBuildConfiguration;
			buildSettings = {
				ASSETCATALOG_COMPILER_APPICON_NAME = AppIcon;
				ASSETCATALOG_COMPILER_GLOBAL_ACCENT_COLOR_NAME = AccentColor;
				CODE_SIGN_STYLE = Automatic;
				CURRENT_PROJECT_VERSION = 1;
				DEVELOPMENT_ASSET_PATHS = "\"RandomJokeApp_SwiftUI/Preview Content\"";
				DEVELOPMENT_TEAM = 5SALT5UTL2;
				ENABLE_PREVIEWS = YES;
				GENERATE_INFOPLIST_FILE = YES;
				INFOPLIST_KEY_UIApplicationSceneManifest_Generation = YES;
				INFOPLIST_KEY_UIApplicationSupportsIndirectInputEvents = YES;
				INFOPLIST_KEY_UILaunchScreen_Generation = YES;
				INFOPLIST_KEY_UISupportedInterfaceOrientations_iPad = "UIInterfaceOrientationPortrait UIInterfaceOrientationPortraitUpsideDown UIInterfaceOrientationLandscapeLeft UIInterfaceOrientationLandscapeRight";
				INFOPLIST_KEY_UISupportedInterfaceOrientations_iPhone = "UIInterfaceOrientationPortrait UIInterfaceOrientationLandscapeLeft UIInterfaceOrientationLandscapeRight";
				LD_RUNPATH_SEARCH_PATHS = (
					"$(inherited)",
					"@executable_path/Frameworks",
				);
				MARKETING_VERSION = 1.0;
				PRODUCT_BUNDLE_IDENTIFIER = "com.erenelci.RandomJokeApp-SwiftUI";
				PRODUCT_NAME = "$(TARGET_NAME)";
				SWIFT_EMIT_LOC_STRINGS = YES;
				SWIFT_VERSION = 5.0;
				TARGETED_DEVICE_FAMILY = "1,2";
			};
			name = Release;
		};
/* End XCBuildConfiguration section */

/* Begin XCConfigurationList section */
		267992832CD82A0900DF3D21 /* Build configuration list for PBXProject "RandomJokeApp_SwiftUI" */ = {
			isa = XCConfigurationList;
			buildConfigurations = (
				267992942CD82A0A00DF3D21 /* Debug */,
				267992952CD82A0A00DF3D21 /* Release */,
			);
			defaultConfigurationIsVisible = 0;
			defaultConfigurationName = Release;
		};
		267992962CD82A0A00DF3D21 /* Build configuration list for PBXNativeTarget "RandomJokeApp_SwiftUI" */ = {
			isa = XCConfigurationList;
			buildConfigurations = (
				267992972CD82A0A00DF3D21 /* Debug */,
				267992982CD82A0A00DF3D21 /* Release */,
			);
			defaultConfigurationIsVisible = 0;
			defaultConfigurationName = Release;
		};
/* End XCConfigurationList section */
	};
	rootObject = 267992802CD82A0900DF3D21 /* Project object */;
}
